
Microsoft Visual Studio Solution File, Format Version 12.00
# Visual Studio 2012
Project("{FAE04EC0-301F-11D3-BF4B-00C04F79EFBC}") = "ConsoleHost", "ConsoleHost\ConsoleHost.csproj", "{9C77945B-B149-4EA4-9C38-CF957A4FF50D}"
EndProject
Project("{2150E333-8FDC-42A3-9474-1A3956D46DE8}") = "libs", "libs", "{3EB93908-99CF-43EB-BC2B-274A359869DF}"
	ProjectSection(SolutionItems) = preProject
		libs\Hermes.Core.dll = libs\Hermes.Core.dll
		libs\Interfaces.dll = libs\Interfaces.dll
		libs\Logger.dll = libs\Logger.dll
		libs\Newtonsoft.Json.dll = libs\Newtonsoft.Json.dll
		libs\NLog.config = libs\NLog.config
		libs\NLog.dll = libs\NLog.dll
		libs\RateCalculator.dll = libs\RateCalculator.dll
		libs\Telerik.Windows.Controls.dll = libs\Telerik.Windows.Controls.dll
		libs\Telerik.Windows.Controls.ScheduleView.dll = libs\Telerik.Windows.Controls.ScheduleView.dll
	EndProjectSection
EndProject
Project("{2150E333-8FDC-42A3-9474-1A3956D46DE8}") = "Session", "Session", "{1DC6085B-84D0-418C-B927-DA26E55B248A}"
EndProject
Project("{2150E333-8FDC-42A3-9474-1A3956D46DE8}") = "DataService", "DataService", "{819B1391-67BB-46F1-BDF8-703E58E85ACC}"
EndProject
Project("{FAE04EC0-301F-11D3-BF4B-00C04F79EFBC}") = "DataService", "DataService\DataService\DataService.csproj", "{3F8BE00C-3C2D-41F2-8BA9-6DC9B025748C}"
EndProject
Project("{FAE04EC0-301F-11D3-BF4B-00C04F79EFBC}") = "Session", "Session\Session\Session.csproj", "{509B4F7C-ACBC-4273-BF7F-633E7D83EE82}"
EndProject
Project("{2150E333-8FDC-42A3-9474-1A3956D46DE8}") = "ServerAPI", "ServerAPI", "{F84203DF-733C-4ADF-9F87-484AED4FC5D2}"
EndProject
Project("{FAE04EC0-301F-11D3-BF4B-00C04F79EFBC}") = "ServerAPI", "ServerAPI\ServerAPI\ServerAPI.csproj", "{296BD947-6B4A-4DE6-9812-EBFDD48BEC00}"
EndProject
Project("{2150E333-8FDC-42A3-9474-1A3956D46DE8}") = "FinanceService", "FinanceService", "{65B5A457-062B-4D60-B8A2-DEBC511A554A}"
EndProject
Project("{2150E333-8FDC-42A3-9474-1A3956D46DE8}") = "OneUseTicket", "OneUseTicket", "{F728F333-9A7E-43F1-968C-9E8D1B873099}"
EndProject
Project("{FAE04EC0-301F-11D3-BF4B-00C04F79EFBC}") = "OneUseTicket", "OneUseTicket\OneUseTicket\OneUseTicket.csproj", "{D1716D87-0612-4354-BC3D-ACE0F03D1CEC}"
EndProject
Project("{FAE04EC0-301F-11D3-BF4B-00C04F79EFBC}") = "FinanceService", "FinanceService\FinanceService\FinanceService.csproj", "{48D74A9B-FA90-4FCD-8A00-E34E60FA0356}"
EndProject
Project("{FAE04EC0-301F-11D3-BF4B-00C04F79EFBC}") = "IDataService", "DataService\IDataService\IDataService.csproj", "{4B3EF485-B15A-4A17-AADE-7E38CA86B09C}"
EndProject
Project("{FAE04EC0-301F-11D3-BF4B-00C04F79EFBC}") = "IFinanceService", "FinanceService\IFinanceService\IFinanceService.csproj", "{5A8682A5-8440-4A11-B505-C6E05CADFB81}"
EndProject
Project("{2150E333-8FDC-42A3-9474-1A3956D46DE8}") = "RequestProcessor", "RequestProcessor", "{1AEBFCF5-1633-42D5-A84B-1E8F4265A498}"
EndProject
Project("{FAE04EC0-301F-11D3-BF4B-00C04F79EFBC}") = "IRequestProcessor", "RequestProcessor\IRequestProcessor\IRequestProcessor.csproj", "{645641D0-47A8-4E26-96E6-CEE7791E6A72}"
EndProject
Project("{FAE04EC0-301F-11D3-BF4B-00C04F79EFBC}") = "PrimaryRequestProcessor", "RequestProcessor\PrimaryRequestProcessor\PrimaryRequestProcessor.csproj", "{D97FD9CF-9210-49C2-A38D-B1E4E49C005B}"
EndProject
Project("{FAE04EC0-301F-11D3-BF4B-00C04F79EFBC}") = "IServerAPI", "ServerAPI\IServerAPI\IServerAPI.csproj", "{0ACFE14D-C487-4D4A-92FF-3F815BFC8F3F}"
EndProject
Project("{FAE04EC0-301F-11D3-BF4B-00C04F79EFBC}") = "ISession", "Session\ISession\ISession.csproj", "{7F9F82B5-CF0C-4852-BCF1-9344C840F5C2}"
EndProject
Project("{2150E333-8FDC-42A3-9474-1A3956D46DE8}") = "EventService", "EventService", "{044BC61A-98A5-4BC1-8C08-5F498C25DCD3}"
EndProject
Project("{FAE04EC0-301F-11D3-BF4B-00C04F79EFBC}") = "IEventService", "EventService\IEventService\IEventService.csproj", "{7599E54F-4715-45ED-A451-6704E2382CED}"
EndProject
Project("{FAE04EC0-301F-11D3-BF4B-00C04F79EFBC}") = "EventService", "EventService\EventService\EventService.csproj", "{CB9792A4-380F-4D21-BE0E-79DC9CD9B161}"
EndProject
Project("{2150E333-8FDC-42A3-9474-1A3956D46DE8}") = "ServerDictionary", "ServerDictionary", "{9443EF88-F899-443A-B98C-5C07B21D9BCE}"
EndProject
Project("{FAE04EC0-301F-11D3-BF4B-00C04F79EFBC}") = "IServerDictionary", "ServerDictionary\IServerDictionary\IServerDictionary.csproj", "{9D9C62A4-8AB3-46B0-A5F8-FC7132FD1217}"
EndProject
Project("{FAE04EC0-301F-11D3-BF4B-00C04F79EFBC}") = "ServerDictionary", "ServerDictionary\ServerDictionary\ServerDictionary.csproj", "{B458B4C4-8FF5-46C3-AFAB-D1820F6D9FD8}"
EndProject
Project("{2150E333-8FDC-42A3-9474-1A3956D46DE8}") = "SerializationService", "SerializationService", "{1718D463-8C5B-40C6-BDBE-5F1F1FC7304C}"
EndProject
Project("{FAE04EC0-301F-11D3-BF4B-00C04F79EFBC}") = "ISerializationService", "SerializationService\ISerializationService\ISerializationService.csproj", "{B16CB637-EAEA-484F-9EF2-40B1D1351BE3}"
EndProject
Project("{FAE04EC0-301F-11D3-BF4B-00C04F79EFBC}") = "SerializationService", "SerializationService\SerializationService\SerializationService.csproj", "{8CB857F7-6EFA-40C1-8DA9-A4EA1712FCA6}"
EndProject
Project("{2150E333-8FDC-42A3-9474-1A3956D46DE8}") = "Equipment", "Equipment", "{6F5668D6-E38B-4C2C-8406-A84E84045F06}"
EndProject
Project("{FAE04EC0-301F-11D3-BF4B-00C04F79EFBC}") = "IEquipment", "Equipment\IEquipment\IEquipment.csproj", "{B886A77B-A2F7-4386-8877-178796ACD178}"
EndProject
Project("{FAE04EC0-301F-11D3-BF4B-00C04F79EFBC}") = "Equipment", "Equipment\Equipment\Equipment.csproj", "{8A08613D-3255-411B-A5A8-7D1F2779F20B}"
EndProject
Project("{FAE04EC0-301F-11D3-BF4B-00C04F79EFBC}") = "Security", "RequestProcessor\Security\Security.csproj", "{55332766-73FA-4049-8986-9A875E51ADC1}"
EndProject
Project("{2150E333-8FDC-42A3-9474-1A3956D46DE8}") = "ReportService", "ReportService", "{65BEC35A-7AAF-4D40-AB22-472FE98B9965}"
EndProject
Project("{FAE04EC0-301F-11D3-BF4B-00C04F79EFBC}") = "IReportService", "ReportService\IReportService\IReportService.csproj", "{C03B8F0F-8C12-4115-A2E2-C26703D81EDB}"
EndProject
Project("{FAE04EC0-301F-11D3-BF4B-00C04F79EFBC}") = "ReportService", "ReportService\ReportService\ReportService.csproj", "{0345F48F-1CEF-4BA7-8DD0-B7B9104F2EFF}"
EndProject
Project("{FAE04EC0-301F-11D3-BF4B-00C04F79EFBC}") = "BaseCalculator", "FinanceService\BaseCalculator\BaseCalculator.csproj", "{55D79E41-00E8-4525-94AB-70A3BFA86C97}"
EndProject
Project("{2150E333-8FDC-42A3-9474-1A3956D46DE8}") = "Reports", "Reports", "{8A8DF1F7-C8CB-44F9-9339-DED1FF40E61E}"
EndProject
Project("{FAE04EC0-301F-11D3-BF4B-00C04F79EFBC}") = "PlacesLog", "ReportService\Reports\PlacesLog\PlacesLog.csproj", "{65751702-CBBE-4786-9D4B-FBF04FD59262}"
EndProject
Project("{FAE04EC0-301F-11D3-BF4B-00C04F79EFBC}") = "PassageLog", "ReportService\Reports\PassageLog\PassageLog.csproj", "{AFAE9F43-E84B-445F-ACD7-A973B3EF3D0C}"
EndProject
Project("{FAE04EC0-301F-11D3-BF4B-00C04F79EFBC}") = "RequestLog", "RequestProcessor\RequestLog\RequestLog.csproj", "{36C29FB0-6F81-4278-BEB8-A32C4DAFEB09}"
EndProject
Global
	GlobalSection(SolutionConfigurationPlatforms) = preSolution
		Debug|Any CPU = Debug|Any CPU
		Release|Any CPU = Release|Any CPU
	EndGlobalSection
	GlobalSection(ProjectConfigurationPlatforms) = postSolution
		{9C77945B-B149-4EA4-9C38-CF957A4FF50D}.Debug|Any CPU.ActiveCfg = Debug|Any CPU
		{9C77945B-B149-4EA4-9C38-CF957A4FF50D}.Debug|Any CPU.Build.0 = Debug|Any CPU
		{9C77945B-B149-4EA4-9C38-CF957A4FF50D}.Release|Any CPU.ActiveCfg = Release|Any CPU
		{9C77945B-B149-4EA4-9C38-CF957A4FF50D}.Release|Any CPU.Build.0 = Release|Any CPU
		{3F8BE00C-3C2D-41F2-8BA9-6DC9B025748C}.Debug|Any CPU.ActiveCfg = Debug|Any CPU
		{3F8BE00C-3C2D-41F2-8BA9-6DC9B025748C}.Debug|Any CPU.Build.0 = Debug|Any CPU
		{3F8BE00C-3C2D-41F2-8BA9-6DC9B025748C}.Release|Any CPU.ActiveCfg = Release|Any CPU
		{3F8BE00C-3C2D-41F2-8BA9-6DC9B025748C}.Release|Any CPU.Build.0 = Release|Any CPU
		{509B4F7C-ACBC-4273-BF7F-633E7D83EE82}.Debug|Any CPU.ActiveCfg = Debug|Any CPU
		{509B4F7C-ACBC-4273-BF7F-633E7D83EE82}.Debug|Any CPU.Build.0 = Debug|Any CPU
		{509B4F7C-ACBC-4273-BF7F-633E7D83EE82}.Release|Any CPU.ActiveCfg = Release|Any CPU
		{509B4F7C-ACBC-4273-BF7F-633E7D83EE82}.Release|Any CPU.Build.0 = Release|Any CPU
		{296BD947-6B4A-4DE6-9812-EBFDD48BEC00}.Debug|Any CPU.ActiveCfg = Debug|Any CPU
		{296BD947-6B4A-4DE6-9812-EBFDD48BEC00}.Debug|Any CPU.Build.0 = Debug|Any CPU
		{296BD947-6B4A-4DE6-9812-EBFDD48BEC00}.Release|Any CPU.ActiveCfg = Release|Any CPU
		{296BD947-6B4A-4DE6-9812-EBFDD48BEC00}.Release|Any CPU.Build.0 = Release|Any CPU
		{D1716D87-0612-4354-BC3D-ACE0F03D1CEC}.Debug|Any CPU.ActiveCfg = Debug|Any CPU
		{D1716D87-0612-4354-BC3D-ACE0F03D1CEC}.Debug|Any CPU.Build.0 = Debug|Any CPU
		{D1716D87-0612-4354-BC3D-ACE0F03D1CEC}.Release|Any CPU.ActiveCfg = Release|Any CPU
		{D1716D87-0612-4354-BC3D-ACE0F03D1CEC}.Release|Any CPU.Build.0 = Release|Any CPU
		{48D74A9B-FA90-4FCD-8A00-E34E60FA0356}.Debug|Any CPU.ActiveCfg = Debug|Any CPU
		{48D74A9B-FA90-4FCD-8A00-E34E60FA0356}.Debug|Any CPU.Build.0 = Debug|Any CPU
		{48D74A9B-FA90-4FCD-8A00-E34E60FA0356}.Release|Any CPU.ActiveCfg = Release|Any CPU
		{48D74A9B-FA90-4FCD-8A00-E34E60FA0356}.Release|Any CPU.Build.0 = Release|Any CPU
		{4B3EF485-B15A-4A17-AADE-7E38CA86B09C}.Debug|Any CPU.ActiveCfg = Debug|Any CPU
		{4B3EF485-B15A-4A17-AADE-7E38CA86B09C}.Debug|Any CPU.Build.0 = Debug|Any CPU
		{4B3EF485-B15A-4A17-AADE-7E38CA86B09C}.Release|Any CPU.ActiveCfg = Release|Any CPU
		{4B3EF485-B15A-4A17-AADE-7E38CA86B09C}.Release|Any CPU.Build.0 = Release|Any CPU
		{5A8682A5-8440-4A11-B505-C6E05CADFB81}.Debug|Any CPU.ActiveCfg = Debug|Any CPU
		{5A8682A5-8440-4A11-B505-C6E05CADFB81}.Debug|Any CPU.Build.0 = Debug|Any CPU
		{5A8682A5-8440-4A11-B505-C6E05CADFB81}.Release|Any CPU.ActiveCfg = Release|Any CPU
		{5A8682A5-8440-4A11-B505-C6E05CADFB81}.Release|Any CPU.Build.0 = Release|Any CPU
		{645641D0-47A8-4E26-96E6-CEE7791E6A72}.Debug|Any CPU.ActiveCfg = Debug|Any CPU
		{645641D0-47A8-4E26-96E6-CEE7791E6A72}.Debug|Any CPU.Build.0 = Debug|Any CPU
		{645641D0-47A8-4E26-96E6-CEE7791E6A72}.Release|Any CPU.ActiveCfg = Release|Any CPU
		{645641D0-47A8-4E26-96E6-CEE7791E6A72}.Release|Any CPU.Build.0 = Release|Any CPU
		{D97FD9CF-9210-49C2-A38D-B1E4E49C005B}.Debug|Any CPU.ActiveCfg = Debug|Any CPU
		{D97FD9CF-9210-49C2-A38D-B1E4E49C005B}.Debug|Any CPU.Build.0 = Debug|Any CPU
		{D97FD9CF-9210-49C2-A38D-B1E4E49C005B}.Release|Any CPU.ActiveCfg = Release|Any CPU
		{D97FD9CF-9210-49C2-A38D-B1E4E49C005B}.Release|Any CPU.Build.0 = Release|Any CPU
		{0ACFE14D-C487-4D4A-92FF-3F815BFC8F3F}.Debug|Any CPU.ActiveCfg = Debug|Any CPU
		{0ACFE14D-C487-4D4A-92FF-3F815BFC8F3F}.Debug|Any CPU.Build.0 = Debug|Any CPU
		{0ACFE14D-C487-4D4A-92FF-3F815BFC8F3F}.Release|Any CPU.ActiveCfg = Release|Any CPU
		{0ACFE14D-C487-4D4A-92FF-3F815BFC8F3F}.Release|Any CPU.Build.0 = Release|Any CPU
		{7F9F82B5-CF0C-4852-BCF1-9344C840F5C2}.Debug|Any CPU.ActiveCfg = Debug|Any CPU
		{7F9F82B5-CF0C-4852-BCF1-9344C840F5C2}.Debug|Any CPU.Build.0 = Debug|Any CPU
		{7F9F82B5-CF0C-4852-BCF1-9344C840F5C2}.Release|Any CPU.ActiveCfg = Release|Any CPU
		{7F9F82B5-CF0C-4852-BCF1-9344C840F5C2}.Release|Any CPU.Build.0 = Release|Any CPU
		{7599E54F-4715-45ED-A451-6704E2382CED}.Debug|Any CPU.ActiveCfg = Debug|Any CPU
		{7599E54F-4715-45ED-A451-6704E2382CED}.Debug|Any CPU.Build.0 = Debug|Any CPU
		{7599E54F-4715-45ED-A451-6704E2382CED}.Release|Any CPU.ActiveCfg = Release|Any CPU
		{7599E54F-4715-45ED-A451-6704E2382CED}.Release|Any CPU.Build.0 = Release|Any CPU
		{CB9792A4-380F-4D21-BE0E-79DC9CD9B161}.Debug|Any CPU.ActiveCfg = Debug|Any CPU
		{CB9792A4-380F-4D21-BE0E-79DC9CD9B161}.Debug|Any CPU.Build.0 = Debug|Any CPU
		{CB9792A4-380F-4D21-BE0E-79DC9CD9B161}.Release|Any CPU.ActiveCfg = Release|Any CPU
		{CB9792A4-380F-4D21-BE0E-79DC9CD9B161}.Release|Any CPU.Build.0 = Release|Any CPU
		{9D9C62A4-8AB3-46B0-A5F8-FC7132FD1217}.Debug|Any CPU.ActiveCfg = Debug|Any CPU
		{9D9C62A4-8AB3-46B0-A5F8-FC7132FD1217}.Debug|Any CPU.Build.0 = Debug|Any CPU
		{9D9C62A4-8AB3-46B0-A5F8-FC7132FD1217}.Release|Any CPU.ActiveCfg = Release|Any CPU
		{9D9C62A4-8AB3-46B0-A5F8-FC7132FD1217}.Release|Any CPU.Build.0 = Release|Any CPU
		{B458B4C4-8FF5-46C3-AFAB-D1820F6D9FD8}.Debug|Any CPU.ActiveCfg = Debug|Any CPU
		{B458B4C4-8FF5-46C3-AFAB-D1820F6D9FD8}.Debug|Any CPU.Build.0 = Debug|Any CPU
		{B458B4C4-8FF5-46C3-AFAB-D1820F6D9FD8}.Release|Any CPU.ActiveCfg = Release|Any CPU
		{B458B4C4-8FF5-46C3-AFAB-D1820F6D9FD8}.Release|Any CPU.Build.0 = Release|Any CPU
		{B16CB637-EAEA-484F-9EF2-40B1D1351BE3}.Debug|Any CPU.ActiveCfg = Debug|Any CPU
		{B16CB637-EAEA-484F-9EF2-40B1D1351BE3}.Debug|Any CPU.Build.0 = Debug|Any CPU
		{B16CB637-EAEA-484F-9EF2-40B1D1351BE3}.Release|Any CPU.ActiveCfg = Release|Any CPU
		{B16CB637-EAEA-484F-9EF2-40B1D1351BE3}.Release|Any CPU.Build.0 = Release|Any CPU
		{8CB857F7-6EFA-40C1-8DA9-A4EA1712FCA6}.Debug|Any CPU.ActiveCfg = Debug|Any CPU
		{8CB857F7-6EFA-40C1-8DA9-A4EA1712FCA6}.Debug|Any CPU.Build.0 = Debug|Any CPU
		{8CB857F7-6EFA-40C1-8DA9-A4EA1712FCA6}.Release|Any CPU.ActiveCfg = Release|Any CPU
		{8CB857F7-6EFA-40C1-8DA9-A4EA1712FCA6}.Release|Any CPU.Build.0 = Release|Any CPU
		{B886A77B-A2F7-4386-8877-178796ACD178}.Debug|Any CPU.ActiveCfg = Debug|Any CPU
		{B886A77B-A2F7-4386-8877-178796ACD178}.Debug|Any CPU.Build.0 = Debug|Any CPU
		{B886A77B-A2F7-4386-8877-178796ACD178}.Release|Any CPU.ActiveCfg = Release|Any CPU
		{B886A77B-A2F7-4386-8877-178796ACD178}.Release|Any CPU.Build.0 = Release|Any CPU
		{8A08613D-3255-411B-A5A8-7D1F2779F20B}.Debug|Any CPU.ActiveCfg = Debug|Any CPU
		{8A08613D-3255-411B-A5A8-7D1F2779F20B}.Debug|Any CPU.Build.0 = Debug|Any CPU
		{8A08613D-3255-411B-A5A8-7D1F2779F20B}.Release|Any CPU.ActiveCfg = Release|Any CPU
		{8A08613D-3255-411B-A5A8-7D1F2779F20B}.Release|Any CPU.Build.0 = Release|Any CPU
		{55332766-73FA-4049-8986-9A875E51ADC1}.Debug|Any CPU.ActiveCfg = Debug|Any CPU
		{55332766-73FA-4049-8986-9A875E51ADC1}.Debug|Any CPU.Build.0 = Debug|Any CPU
		{55332766-73FA-4049-8986-9A875E51ADC1}.Release|Any CPU.ActiveCfg = Release|Any CPU
		{55332766-73FA-4049-8986-9A875E51ADC1}.Release|Any CPU.Build.0 = Release|Any CPU
		{C03B8F0F-8C12-4115-A2E2-C26703D81EDB}.Debug|Any CPU.ActiveCfg = Debug|Any CPU
		{C03B8F0F-8C12-4115-A2E2-C26703D81EDB}.Debug|Any CPU.Build.0 = Debug|Any CPU
		{C03B8F0F-8C12-4115-A2E2-C26703D81EDB}.Release|Any CPU.ActiveCfg = Release|Any CPU
		{C03B8F0F-8C12-4115-A2E2-C26703D81EDB}.Release|Any CPU.Build.0 = Release|Any CPU
		{0345F48F-1CEF-4BA7-8DD0-B7B9104F2EFF}.Debug|Any CPU.ActiveCfg = Debug|Any CPU
		{0345F48F-1CEF-4BA7-8DD0-B7B9104F2EFF}.Debug|Any CPU.Build.0 = Debug|Any CPU
		{0345F48F-1CEF-4BA7-8DD0-B7B9104F2EFF}.Release|Any CPU.ActiveCfg = Release|Any CPU
		{0345F48F-1CEF-4BA7-8DD0-B7B9104F2EFF}.Release|Any CPU.Build.0 = Release|Any CPU
		{55D79E41-00E8-4525-94AB-70A3BFA86C97}.Debug|Any CPU.ActiveCfg = Debug|Any CPU
		{55D79E41-00E8-4525-94AB-70A3BFA86C97}.Debug|Any CPU.Build.0 = Debug|Any CPU
		{55D79E41-00E8-4525-94AB-70A3BFA86C97}.Release|Any CPU.ActiveCfg = Release|Any CPU
		{55D79E41-00E8-4525-94AB-70A3BFA86C97}.Release|Any CPU.Build.0 = Release|Any CPU
		{65751702-CBBE-4786-9D4B-FBF04FD59262}.Debug|Any CPU.ActiveCfg = Debug|Any CPU
		{65751702-CBBE-4786-9D4B-FBF04FD59262}.Debug|Any CPU.Build.0 = Debug|Any CPU
		{65751702-CBBE-4786-9D4B-FBF04FD59262}.Release|Any CPU.ActiveCfg = Release|Any CPU
		{65751702-CBBE-4786-9D4B-FBF04FD59262}.Release|Any CPU.Build.0 = Release|Any CPU
		{AFAE9F43-E84B-445F-ACD7-A973B3EF3D0C}.Debug|Any CPU.ActiveCfg = Debug|Any CPU
		{AFAE9F43-E84B-445F-ACD7-A973B3EF3D0C}.Debug|Any CPU.Build.0 = Debug|Any CPU
		{AFAE9F43-E84B-445F-ACD7-A973B3EF3D0C}.Release|Any CPU.ActiveCfg = Release|Any CPU
		{AFAE9F43-E84B-445F-ACD7-A973B3EF3D0C}.Release|Any CPU.Build.0 = Release|Any CPU
		{36C29FB0-6F81-4278-BEB8-A32C4DAFEB09}.Debug|Any CPU.ActiveCfg = Debug|Any CPU
		{36C29FB0-6F81-4278-BEB8-A32C4DAFEB09}.Debug|Any CPU.Build.0 = Debug|Any CPU
		{36C29FB0-6F81-4278-BEB8-A32C4DAFEB09}.Release|Any CPU.ActiveCfg = Release|Any CPU
		{36C29FB0-6F81-4278-BEB8-A32C4DAFEB09}.Release|Any CPU.Build.0 = Release|Any CPU
	EndGlobalSection
	GlobalSection(SolutionProperties) = preSolution
		HideSolutionNode = FALSE
	EndGlobalSection
	GlobalSection(NestedProjects) = preSolution
		{509B4F7C-ACBC-4273-BF7F-633E7D83EE82} = {1DC6085B-84D0-418C-B927-DA26E55B248A}
		{7F9F82B5-CF0C-4852-BCF1-9344C840F5C2} = {1DC6085B-84D0-418C-B927-DA26E55B248A}
		{3F8BE00C-3C2D-41F2-8BA9-6DC9B025748C} = {819B1391-67BB-46F1-BDF8-703E58E85ACC}
		{4B3EF485-B15A-4A17-AADE-7E38CA86B09C} = {819B1391-67BB-46F1-BDF8-703E58E85ACC}
		{296BD947-6B4A-4DE6-9812-EBFDD48BEC00} = {F84203DF-733C-4ADF-9F87-484AED4FC5D2}
		{0ACFE14D-C487-4D4A-92FF-3F815BFC8F3F} = {F84203DF-733C-4ADF-9F87-484AED4FC5D2}
		{48D74A9B-FA90-4FCD-8A00-E34E60FA0356} = {65B5A457-062B-4D60-B8A2-DEBC511A554A}
		{5A8682A5-8440-4A11-B505-C6E05CADFB81} = {65B5A457-062B-4D60-B8A2-DEBC511A554A}
		{55D79E41-00E8-4525-94AB-70A3BFA86C97} = {65B5A457-062B-4D60-B8A2-DEBC511A554A}
		{D1716D87-0612-4354-BC3D-ACE0F03D1CEC} = {F728F333-9A7E-43F1-968C-9E8D1B873099}
		{645641D0-47A8-4E26-96E6-CEE7791E6A72} = {1AEBFCF5-1633-42D5-A84B-1E8F4265A498}
		{D97FD9CF-9210-49C2-A38D-B1E4E49C005B} = {1AEBFCF5-1633-42D5-A84B-1E8F4265A498}
		{55332766-73FA-4049-8986-9A875E51ADC1} = {1AEBFCF5-1633-42D5-A84B-1E8F4265A498}
		{36C29FB0-6F81-4278-BEB8-A32C4DAFEB09} = {1AEBFCF5-1633-42D5-A84B-1E8F4265A498}
		{7599E54F-4715-45ED-A451-6704E2382CED} = {044BC61A-98A5-4BC1-8C08-5F498C25DCD3}
		{CB9792A4-380F-4D21-BE0E-79DC9CD9B161} = {044BC61A-98A5-4BC1-8C08-5F498C25DCD3}
		{9D9C62A4-8AB3-46B0-A5F8-FC7132FD1217} = {9443EF88-F899-443A-B98C-5C07B21D9BCE}
		{B458B4C4-8FF5-46C3-AFAB-D1820F6D9FD8} = {9443EF88-F899-443A-B98C-5C07B21D9BCE}
		{B16CB637-EAEA-484F-9EF2-40B1D1351BE3} = {1718D463-8C5B-40C6-BDBE-5F1F1FC7304C}
		{8CB857F7-6EFA-40C1-8DA9-A4EA1712FCA6} = {1718D463-8C5B-40C6-BDBE-5F1F1FC7304C}
		{B886A77B-A2F7-4386-8877-178796ACD178} = {6F5668D6-E38B-4C2C-8406-A84E84045F06}
		{8A08613D-3255-411B-A5A8-7D1F2779F20B} = {6F5668D6-E38B-4C2C-8406-A84E84045F06}
		{C03B8F0F-8C12-4115-A2E2-C26703D81EDB} = {65BEC35A-7AAF-4D40-AB22-472FE98B9965}
		{0345F48F-1CEF-4BA7-8DD0-B7B9104F2EFF} = {65BEC35A-7AAF-4D40-AB22-472FE98B9965}
		{8A8DF1F7-C8CB-44F9-9339-DED1FF40E61E} = {65BEC35A-7AAF-4D40-AB22-472FE98B9965}
		{65751702-CBBE-4786-9D4B-FBF04FD59262} = {8A8DF1F7-C8CB-44F9-9339-DED1FF40E61E}
		{AFAE9F43-E84B-445F-ACD7-A973B3EF3D0C} = {8A8DF1F7-C8CB-44F9-9339-DED1FF40E61E}
	EndGlobalSection
EndGlobal
